// !$*UTF8*$!
{
	archiveVersion = 1;
	classes = {
	};
	objectVersion = 55;
	objects = {

/* Begin PBXBuildFile section */
		9C1554C728D1F527008D31C5 /* AppDelegate.swift in Sources */ = {isa = PBXBuildFile; fileRef = 9C1554C628D1F527008D31C5 /* AppDelegate.swift */; };
		9C1554C928D1F527008D31C5 /* SceneDelegate.swift in Sources */ = {isa = PBXBuildFile; fileRef = 9C1554C828D1F527008D31C5 /* SceneDelegate.swift */; };
		9C1554CB28D1F527008D31C5 /* ViewController.swift in Sources */ = {isa = PBXBuildFile; fileRef = 9C1554CA28D1F527008D31C5 /* ViewController.swift */; };
		9C1554D028D1F528008D31C5 /* Assets.xcassets in Resources */ = {isa = PBXBuildFile; fileRef = 9C1554CF28D1F528008D31C5 /* Assets.xcassets */; };
		9C1554DF28D1F69E008D31C5 /* APICall.swift in Sources */ = {isa = PBXBuildFile; fileRef = 9C1554DE28D1F69E008D31C5 /* APICall.swift */; };
		9C1554E228D1F6CE008D31C5 /* Extensions.swift in Sources */ = {isa = PBXBuildFile; fileRef = 9C1554E128D1F6CE008D31C5 /* Extensions.swift */; };
		9C1554E528D1F6ED008D31C5 /* Title.swift in Sources */ = {isa = PBXBuildFile; fileRef = 9C1554E428D1F6ED008D31C5 /* Title.swift */; };
		9C1554E728D1F707008D31C5 /* YouTubeSearchResponse.swift in Sources */ = {isa = PBXBuildFile; fileRef = 9C1554E628D1F707008D31C5 /* YouTubeSearchResponse.swift */; };
		9C1554EA28D1F805008D31C5 /* TitleViewModel.swift in Sources */ = {isa = PBXBuildFile; fileRef = 9C1554E928D1F805008D31C5 /* TitleViewModel.swift */; };
		9C1554EC28D1F812008D31C5 /* TitlePreviewViewModel.swift in Sources */ = {isa = PBXBuildFile; fileRef = 9C1554EB28D1F812008D31C5 /* TitlePreviewViewModel.swift */; };
		9C1554EF28D1F879008D31C5 /* CollectionViewTableViewCell.swift in Sources */ = {isa = PBXBuildFile; fileRef = 9C1554EE28D1F879008D31C5 /* CollectionViewTableViewCell.swift */; };
		9C1554F128D1F882008D31C5 /* TableHeaderView.swift in Sources */ = {isa = PBXBuildFile; fileRef = 9C1554F028D1F882008D31C5 /* TableHeaderView.swift */; };
		9C1554F328D1F88A008D31C5 /* TitleCollectionViewCell.swift in Sources */ = {isa = PBXBuildFile; fileRef = 9C1554F228D1F88A008D31C5 /* TitleCollectionViewCell.swift */; };
		9C1554F528D1F892008D31C5 /* TitleTableViewCell.swift in Sources */ = {isa = PBXBuildFile; fileRef = 9C1554F428D1F892008D31C5 /* TitleTableViewCell.swift */; };
		9C1554F828D1F8CA008D31C5 /* SDWebImage in Frameworks */ = {isa = PBXBuildFile; productRef = 9C1554F728D1F8CA008D31C5 /* SDWebImage */; };
		9C1554FA28D1F8CA008D31C5 /* SDWebImageMapKit in Frameworks */ = {isa = PBXBuildFile; productRef = 9C1554F928D1F8CA008D31C5 /* SDWebImageMapKit */; };
		9C1554FD28D1F8D9008D31C5 /* SnapKit in Frameworks */ = {isa = PBXBuildFile; productRef = 9C1554FC28D1F8D9008D31C5 /* SnapKit */; };
/* End PBXBuildFile section */

/* Begin PBXFileReference section */
		9C1554C328D1F527008D31C5 /* NetflixApp_Clone.app */ = {isa = PBXFileReference; explicitFileType = wrapper.application; includeInIndex = 0; path = NetflixApp_Clone.app; sourceTree = BUILT_PRODUCTS_DIR; };
		9C1554C628D1F527008D31C5 /* AppDelegate.swift */ = {isa = PBXFileReference; lastKnownFileType = sourcecode.swift; path = AppDelegate.swift; sourceTree = "<group>"; };
		9C1554C828D1F527008D31C5 /* SceneDelegate.swift */ = {isa = PBXFileReference; lastKnownFileType = sourcecode.swift; path = SceneDelegate.swift; sourceTree = "<group>"; };
		9C1554CA28D1F527008D31C5 /* ViewController.swift */ = {isa = PBXFileReference; lastKnownFileType = sourcecode.swift; path = ViewController.swift; sourceTree = "<group>"; };
		9C1554CF28D1F528008D31C5 /* Assets.xcassets */ = {isa = PBXFileReference; lastKnownFileType = folder.assetcatalog; path = Assets.xcassets; sourceTree = "<group>"; };
		9C1554D428D1F528008D31C5 /* Info.plist */ = {isa = PBXFileReference; lastKnownFileType = text.plist.xml; path = Info.plist; sourceTree = "<group>"; };
		9C1554DE28D1F69E008D31C5 /* APICall.swift */ = {isa = PBXFileReference; lastKnownFileType = sourcecode.swift; path = APICall.swift; sourceTree = "<group>"; };
		9C1554E128D1F6CE008D31C5 /* Extensions.swift */ = {isa = PBXFileReference; lastKnownFileType = sourcecode.swift; path = Extensions.swift; sourceTree = "<group>"; };
		9C1554E428D1F6ED008D31C5 /* Title.swift */ = {isa = PBXFileReference; lastKnownFileType = sourcecode.swift; path = Title.swift; sourceTree = "<group>"; };
		9C1554E628D1F707008D31C5 /* YouTubeSearchResponse.swift */ = {isa = PBXFileReference; lastKnownFileType = sourcecode.swift; path = YouTubeSearchResponse.swift; sourceTree = "<group>"; };
		9C1554E928D1F805008D31C5 /* TitleViewModel.swift */ = {isa = PBXFileReference; lastKnownFileType = sourcecode.swift; path = TitleViewModel.swift; sourceTree = "<group>"; };
		9C1554EB28D1F812008D31C5 /* TitlePreviewViewModel.swift */ = {isa = PBXFileReference; lastKnownFileType = sourcecode.swift; path = TitlePreviewViewModel.swift; sourceTree = "<group>"; };
		9C1554EE28D1F879008D31C5 /* CollectionViewTableViewCell.swift */ = {isa = PBXFileReference; lastKnownFileType = sourcecode.swift; path = CollectionViewTableViewCell.swift; sourceTree = "<group>"; };
		9C1554F028D1F882008D31C5 /* TableHeaderView.swift */ = {isa = PBXFileReference; lastKnownFileType = sourcecode.swift; path = TableHeaderView.swift; sourceTree = "<group>"; };
		9C1554F228D1F88A008D31C5 /* TitleCollectionViewCell.swift */ = {isa = PBXFileReference; lastKnownFileType = sourcecode.swift; path = TitleCollectionViewCell.swift; sourceTree = "<group>"; };
		9C1554F428D1F892008D31C5 /* TitleTableViewCell.swift */ = {isa = PBXFileReference; lastKnownFileType = sourcecode.swift; path = TitleTableViewCell.swift; sourceTree = "<group>"; };
/* End PBXFileReference section */

/* Begin PBXFrameworksBuildPhase section */
		9C1554C028D1F527008D31C5 /* Frameworks */ = {
			isa = PBXFrameworksBuildPhase;
			buildActionMask = 2147483647;
			files = (
				9C1554FD28D1F8D9008D31C5 /* SnapKit in Frameworks */,
				9C1554FA28D1F8CA008D31C5 /* SDWebImageMapKit in Frameworks */,
				9C1554F828D1F8CA008D31C5 /* SDWebImage in Frameworks */,
			);
			runOnlyForDeploymentPostprocessing = 0;
		};
/* End PBXFrameworksBuildPhase section */

/* Begin PBXGroup section */
		9C1554BA28D1F527008D31C5 = {
			isa = PBXGroup;
			children = (
				9C1554C528D1F527008D31C5 /* NetflixApp_Clone */,
				9C1554C428D1F527008D31C5 /* Products */,
			);
			sourceTree = "<group>";
		};
		9C1554C428D1F527008D31C5 /* Products */ = {
			isa = PBXGroup;
			children = (
				9C1554C328D1F527008D31C5 /* NetflixApp_Clone.app */,
			);
			name = Products;
			sourceTree = "<group>";
		};
		9C1554C528D1F527008D31C5 /* NetflixApp_Clone */ = {
			isa = PBXGroup;
			children = (
				9C1554DB28D1F669008D31C5 /* Sources */,
				9C1554DA28D1F632008D31C5 /* Configuration */,
				9C1554CA28D1F527008D31C5 /* ViewController.swift */,
			);
			path = NetflixApp_Clone;
			sourceTree = "<group>";
		};
		9C1554DA28D1F632008D31C5 /* Configuration */ = {
			isa = PBXGroup;
			children = (
				9C1554D428D1F528008D31C5 /* Info.plist */,
				9C1554CF28D1F528008D31C5 /* Assets.xcassets */,
			);
			path = Configuration;
			sourceTree = "<group>";
		};
		9C1554DB28D1F669008D31C5 /* Sources */ = {
			isa = PBXGroup;
			children = (
				9C1554ED28D1F86A008D31C5 /* Views */,
				9C1554E828D1F7F9008D31C5 /* ViewModels */,
				9C1554E328D1F6DF008D31C5 /* Models */,
				9C1554E028D1F6BE008D31C5 /* Extensions */,
				9C1554DD28D1F68F008D31C5 /* Managers */,
				9C1554DC28D1F670008D31C5 /* App */,
			);
			path = Sources;
			sourceTree = "<group>";
		};
		9C1554DC28D1F670008D31C5 /* App */ = {
			isa = PBXGroup;
			children = (
				9C1554C628D1F527008D31C5 /* AppDelegate.swift */,
				9C1554C828D1F527008D31C5 /* SceneDelegate.swift */,
			);
			path = App;
			sourceTree = "<group>";
		};
		9C1554DD28D1F68F008D31C5 /* Managers */ = {
			isa = PBXGroup;
			children = (
				9C1554DE28D1F69E008D31C5 /* APICall.swift */,
			);
			path = Managers;
			sourceTree = "<group>";
		};
		9C1554E028D1F6BE008D31C5 /* Extensions */ = {
			isa = PBXGroup;
			children = (
				9C1554E128D1F6CE008D31C5 /* Extensions.swift */,
			);
			path = Extensions;
			sourceTree = "<group>";
		};
		9C1554E328D1F6DF008D31C5 /* Models */ = {
			isa = PBXGroup;
			children = (
				9C1554E428D1F6ED008D31C5 /* Title.swift */,
				9C1554E628D1F707008D31C5 /* YouTubeSearchResponse.swift */,
			);
			path = Models;
			sourceTree = "<group>";
		};
		9C1554E828D1F7F9008D31C5 /* ViewModels */ = {
			isa = PBXGroup;
			children = (
				9C1554E928D1F805008D31C5 /* TitleViewModel.swift */,
				9C1554EB28D1F812008D31C5 /* TitlePreviewViewModel.swift */,
			);
			path = ViewModels;
			sourceTree = "<group>";
		};
		9C1554ED28D1F86A008D31C5 /* Views */ = {
			isa = PBXGroup;
			children = (
				9C1554EE28D1F879008D31C5 /* CollectionViewTableViewCell.swift */,
				9C1554F028D1F882008D31C5 /* TableHeaderView.swift */,
				9C1554F228D1F88A008D31C5 /* TitleCollectionViewCell.swift */,
				9C1554F428D1F892008D31C5 /* TitleTableViewCell.swift */,
			);
			path = Views;
			sourceTree = "<group>";
		};
/* End PBXGroup section */

/* Begin PBXNativeTarget section */
		9C1554C228D1F527008D31C5 /* NetflixApp_Clone */ = {
			isa = PBXNativeTarget;
			buildConfigurationList = 9C1554D728D1F528008D31C5 /* Build configuration list for PBXNativeTarget "NetflixApp_Clone" */;
			buildPhases = (
				9C1554BF28D1F527008D31C5 /* Sources */,
				9C1554C028D1F527008D31C5 /* Frameworks */,
				9C1554C128D1F527008D31C5 /* Resources */,
			);
			buildRules = (
			);
			dependencies = (
			);
			name = NetflixApp_Clone;
			packageProductDependencies = (
				9C1554F728D1F8CA008D31C5 /* SDWebImage */,
				9C1554F928D1F8CA008D31C5 /* SDWebImageMapKit */,
				9C1554FC28D1F8D9008D31C5 /* SnapKit */,
			);
			productName = NetflixApp_Clone;
			productReference = 9C1554C328D1F527008D31C5 /* NetflixApp_Clone.app */;
			productType = "com.apple.product-type.application";
		};
/* End PBXNativeTarget section */

/* Begin PBXProject section */
		9C1554BB28D1F527008D31C5 /* Project object */ = {
			isa = PBXProject;
			attributes = {
				BuildIndependentTargetsInParallel = 1;
				LastSwiftUpdateCheck = 1330;
				LastUpgradeCheck = 1330;
				TargetAttributes = {
					9C1554C228D1F527008D31C5 = {
						CreatedOnToolsVersion = 13.3.1;
					};
				};
			};
			buildConfigurationList = 9C1554BE28D1F527008D31C5 /* Build configuration list for PBXProject "NetflixApp_Clone" */;
			compatibilityVersion = "Xcode 13.0";
			developmentRegion = en;
			hasScannedForEncodings = 0;
			knownRegions = (
				en,
				Base,
			);
			mainGroup = 9C1554BA28D1F527008D31C5;
			packageReferences = (
				9C1554F628D1F8CA008D31C5 /* XCRemoteSwiftPackageReference "SDWebImage" */,
				9C1554FB28D1F8D9008D31C5 /* XCRemoteSwiftPackageReference "SnapKit" */,
			);
			productRefGroup = 9C1554C428D1F527008D31C5 /* Products */;
			projectDirPath = "";
			projectRoot = "";
			targets = (
				9C1554C228D1F527008D31C5 /* NetflixApp_Clone */,
			);
		};
/* End PBXProject section */

/* Begin PBXResourcesBuildPhase section */
		9C1554C128D1F527008D31C5 /* Resources */ = {
			isa = PBXResourcesBuildPhase;
			buildActionMask = 2147483647;
			files = (
				9C1554D028D1F528008D31C5 /* Assets.xcassets in Resources */,
			);
			runOnlyForDeploymentPostprocessing = 0;
		};
/* End PBXResourcesBuildPhase section */

/* Begin PBXSourcesBuildPhase section */
		9C1554BF28D1F527008D31C5 /* Sources */ = {
			isa = PBXSourcesBuildPhase;
			buildActionMask = 2147483647;
			files = (
				9C1554EF28D1F879008D31C5 /* CollectionViewTableViewCell.swift in Sources */,
				9C1554EC28D1F812008D31C5 /* TitlePreviewViewModel.swift in Sources */,
				9C1554F528D1F892008D31C5 /* TitleTableViewCell.swift in Sources */,
				9C1554E228D1F6CE008D31C5 /* Extensions.swift in Sources */,
				9C1554CB28D1F527008D31C5 /* ViewController.swift in Sources */,
				9C1554C728D1F527008D31C5 /* AppDelegate.swift in Sources */,
				9C1554F128D1F882008D31C5 /* TableHeaderView.swift in Sources */,
				9C1554DF28D1F69E008D31C5 /* APICall.swift in Sources */,
				9C1554E528D1F6ED008D31C5 /* Title.swift in Sources */,
				9C1554EA28D1F805008D31C5 /* TitleViewModel.swift in Sources */,
				9C1554F328D1F88A008D31C5 /* TitleCollectionViewCell.swift in Sources */,
				9C1554E728D1F707008D31C5 /* YouTubeSearchResponse.swift in Sources */,
				9C1554C928D1F527008D31C5 /* SceneDelegate.swift in Sources */,
			);
			runOnlyForDeploymentPostprocessing = 0;
		};
/* End PBXSourcesBuildPhase section */

/* Begin XCBuildConfiguration section */
		9C1554D528D1F528008D31C5 /* Debug */ = {
			isa = XCBuildConfiguration;
			buildSettings = {
				ALWAYS_SEARCH_USER_PATHS = NO;
				CLANG_ANALYZER_NONNULL = YES;
				CLANG_ANALYZER_NUMBER_OBJECT_CONVERSION = YES_AGGRESSIVE;
				CLANG_CXX_LANGUAGE_STANDARD = "gnu++17";
				CLANG_ENABLE_MODULES = YES;
				CLANG_ENABLE_OBJC_ARC = YES;
				CLANG_ENABLE_OBJC_WEAK = YES;
				CLANG_WARN_BLOCK_CAPTURE_AUTORELEASING = YES;
				CLANG_WARN_BOOL_CONVERSION = YES;
				CLANG_WARN_COMMA = YES;
				CLANG_WARN_CONSTANT_CONVERSION = YES;
				CLANG_WARN_DEPRECATED_OBJC_IMPLEMENTATIONS = YES;
				CLANG_WARN_DIRECT_OBJC_ISA_USAGE = YES_ERROR;
				CLANG_WARN_DOCUMENTATION_COMMENTS = YES;
				CLANG_WARN_EMPTY_BODY = YES;
				CLANG_WARN_ENUM_CONVERSION = YES;
				CLANG_WARN_INFINITE_RECURSION = YES;
				CLANG_WARN_INT_CONVERSION = YES;
				CLANG_WARN_NON_LITERAL_NULL_CONVERSION = YES;
				CLANG_WARN_OBJC_IMPLICIT_RETAIN_SELF = YES;
				CLANG_WARN_OBJC_LITERAL_CONVERSION = YES;
				CLANG_WARN_OBJC_ROOT_CLASS = YES_ERROR;
				CLANG_WARN_QUOTED_INCLUDE_IN_FRAMEWORK_HEADER = YES;
				CLANG_WARN_RANGE_LOOP_ANALYSIS = YES;
				CLANG_WARN_STRICT_PROTOTYPES = YES;
				CLANG_WARN_SUSPICIOUS_MOVE = YES;
				CLANG_WARN_UNGUARDED_AVAILABILITY = YES_AGGRESSIVE;
				CLANG_WARN_UNREACHABLE_CODE = YES;
				CLANG_WARN__DUPLICATE_METHOD_MATCH = YES;
				COPY_PHASE_STRIP = NO;
				DEBUG_INFORMATION_FORMAT = dwarf;
				ENABLE_STRICT_OBJC_MSGSEND = YES;
				ENABLE_TESTABILITY = YES;
				GCC_C_LANGUAGE_STANDARD = gnu11;
				GCC_DYNAMIC_NO_PIC = NO;
				GCC_NO_COMMON_BLOCKS = YES;
				GCC_OPTIMIZATION_LEVEL = 0;
				GCC_PREPROCESSOR_DEFINITIONS = (
					"DEBUG=1",
					"$(inherited)",
				);
				GCC_WARN_64_TO_32_BIT_CONVERSION = YES;
				GCC_WARN_ABOUT_RETURN_TYPE = YES_ERROR;
				GCC_WARN_UNDECLARED_SELECTOR = YES;
				GCC_WARN_UNINITIALIZED_AUTOS = YES_AGGRESSIVE;
				GCC_WARN_UNUSED_FUNCTION = YES;
				GCC_WARN_UNUSED_VARIABLE = YES;
				IPHONEOS_DEPLOYMENT_TARGET = 15.4;
				MTL_ENABLE_DEBUG_INFO = INCLUDE_SOURCE;
				MTL_FAST_MATH = YES;
				ONLY_ACTIVE_ARCH = YES;
				SDKROOT = iphoneos;
				SWIFT_ACTIVE_COMPILATION_CONDITIONS = DEBUG;
				SWIFT_OPTIMIZATION_LEVEL = "-Onone";
			};
			name = Debug;
		};
		9C1554D628D1F528008D31C5 /* Release */ = {
			isa = XCBuildConfiguration;
			buildSettings = {
				ALWAYS_SEARCH_USER_PATHS = NO;
				CLANG_ANALYZER_NONNULL = YES;
				CLANG_ANALYZER_NUMBER_OBJECT_CONVERSION = YES_AGGRESSIVE;
				CLANG_CXX_LANGUAGE_STANDARD = "gnu++17";
				CLANG_ENABLE_MODULES = YES;
				CLANG_ENABLE_OBJC_ARC = YES;
				CLANG_ENABLE_OBJC_WEAK = YES;
				CLANG_WARN_BLOCK_CAPTURE_AUTORELEASING = YES;
				CLANG_WARN_BOOL_CONVERSION = YES;
				CLANG_WARN_COMMA = YES;
				CLANG_WARN_CONSTANT_CONVERSION = YES;
				CLANG_WARN_DEPRECATED_OBJC_IMPLEMENTATIONS = YES;
				CLANG_WARN_DIRECT_OBJC_ISA_USAGE = YES_ERROR;
				CLANG_WARN_DOCUMENTATION_COMMENTS = YES;
				CLANG_WARN_EMPTY_BODY = YES;
				CLANG_WARN_ENUM_CONVERSION = YES;
				CLANG_WARN_INFINITE_RECURSION = YES;
				CLANG_WARN_INT_CONVERSION = YES;
				CLANG_WARN_NON_LITERAL_NULL_CONVERSION = YES;
				CLANG_WARN_OBJC_IMPLICIT_RETAIN_SELF = YES;
				CLANG_WARN_OBJC_LITERAL_CONVERSION = YES;
				CLANG_WARN_OBJC_ROOT_CLASS = YES_ERROR;
				CLANG_WARN_QUOTED_INCLUDE_IN_FRAMEWORK_HEADER = YES;
				CLANG_WARN_RANGE_LOOP_ANALYSIS = YES;
				CLANG_WARN_STRICT_PROTOTYPES = YES;
				CLANG_WARN_SUSPICIOUS_MOVE = YES;
				CLANG_WARN_UNGUARDED_AVAILABILITY = YES_AGGRESSIVE;
				CLANG_WARN_UNREACHABLE_CODE = YES;
				CLANG_WARN__DUPLICATE_METHOD_MATCH = YES;
				COPY_PHASE_STRIP = NO;
				DEBUG_INFORMATION_FORMAT = "dwarf-with-dsym";
				ENABLE_NS_ASSERTIONS = NO;
				ENABLE_STRICT_OBJC_MSGSEND = YES;
				GCC_C_LANGUAGE_STANDARD = gnu11;
				GCC_NO_COMMON_BLOCKS = YES;
				GCC_WARN_64_TO_32_BIT_CONVERSION = YES;
				GCC_WARN_ABOUT_RETURN_TYPE = YES_ERROR;
				GCC_WARN_UNDECLARED_SELECTOR = YES;
				GCC_WARN_UNINITIALIZED_AUTOS = YES_AGGRESSIVE;
				GCC_WARN_UNUSED_FUNCTION = YES;
				GCC_WARN_UNUSED_VARIABLE = YES;
				IPHONEOS_DEPLOYMENT_TARGET = 15.4;
				MTL_ENABLE_DEBUG_INFO = NO;
				MTL_FAST_MATH = YES;
				SDKROOT = iphoneos;
				SWIFT_COMPILATION_MODE = wholemodule;
				SWIFT_OPTIMIZATION_LEVEL = "-O";
				VALIDATE_PRODUCT = YES;
			};
			name = Release;
		};
		9C1554D828D1F528008D31C5 /* Debug */ = {
			isa = XCBuildConfiguration;
			buildSettings = {
				ASSETCATALOG_COMPILER_APPICON_NAME = AppIcon;
				ASSETCATALOG_COMPILER_GLOBAL_ACCENT_COLOR_NAME = AccentColor;
				CODE_SIGN_STYLE = Automatic;
				CURRENT_PROJECT_VERSION = 1;
				DEVELOPMENT_TEAM = SWG4FB8T87;
				GENERATE_INFOPLIST_FILE = YES;
				INFOPLIST_FILE = NetflixApp_Clone/Configuration/Info.plist;
				INFOPLIST_KEY_UIApplicationSupportsIndirectInputEvents = YES;
				INFOPLIST_KEY_UILaunchStoryboardName = LaunchScreen;
				INFOPLIST_KEY_UISupportedInterfaceOrientations_iPad = "UIInterfaceOrientationPortrait UIInterfaceOrientationPortraitUpsideDown UIInterfaceOrientationLandscapeLeft UIInterfaceOrientationLandscapeRight";
				INFOPLIST_KEY_UISupportedInterfaceOrientations_iPhone = "UIInterfaceOrientationPortrait UIInterfaceOrientationLandscapeLeft UIInterfaceOrientationLandscapeRight";
				LD_RUNPATH_SEARCH_PATHS = (
					"$(inherited)",
					"@executable_path/Frameworks",
				);
				MARKETING_VERSION = 1.0;
				PRODUCT_BUNDLE_IDENTIFIER = "Artem-Golikov.NetflixApp-Clone";
				PRODUCT_NAME = "$(TARGET_NAME)";
				SWIFT_EMIT_LOC_STRINGS = YES;
				SWIFT_VERSION = 5.0;
				TARGETED_DEVICE_FAMILY = "1,2";
			};
			name = Debug;
		};
		9C1554D928D1F528008D31C5 /* Release */ = {
			isa = XCBuildConfiguration;
			buildSettings = {
				ASSETCATALOG_COMPILER_APPICON_NAME = AppIcon;
				ASSETCATALOG_COMPILER_GLOBAL_ACCENT_COLOR_NAME = AccentColor;
				CODE_SIGN_STYLE = Automatic;
				CURRENT_PROJECT_VERSION = 1;
				DEVELOPMENT_TEAM = SWG4FB8T87;
				GENERATE_INFOPLIST_FILE = YES;
				INFOPLIST_FILE = NetflixApp_Clone/Configuration/Info.plist;
				INFOPLIST_KEY_UIApplicationSupportsIndirectInputEvents = YES;
				INFOPLIST_KEY_UILaunchStoryboardName = LaunchScreen;
				INFOPLIST_KEY_UISupportedInterfaceOrientations_iPad = "UIInterfaceOrientationPortrait UIInterfaceOrientationPortraitUpsideDown UIInterfaceOrientationLandscapeLeft UIInterfaceOrientationLandscapeRight";
				INFOPLIST_KEY_UISupportedInterfaceOrientations_iPhone = "UIInterfaceOrientationPortrait UIInterfaceOrientationLandscapeLeft UIInterfaceOrientationLandscapeRight";
				LD_RUNPATH_SEARCH_PATHS = (
					"$(inherited)",
					"@executable_path/Frameworks",
				);
				MARKETING_VERSION = 1.0;
				PRODUCT_BUNDLE_IDENTIFIER = "Artem-Golikov.NetflixApp-Clone";
				PRODUCT_NAME = "$(TARGET_NAME)";
				SWIFT_EMIT_LOC_STRINGS = YES;
				SWIFT_VERSION = 5.0;
				TARGETED_DEVICE_FAMILY = "1,2";
			};
			name = Release;
		};
/* End XCBuildConfiguration section */

/* Begin XCConfigurationList section */
		9C1554BE28D1F527008D31C5 /* Build configuration list for PBXProject "NetflixApp_Clone" */ = {
			isa = XCConfigurationList;
			buildConfigurations = (
				9C1554D528D1F528008D31C5 /* Debug */,
				9C1554D628D1F528008D31C5 /* Release */,
			);
			defaultConfigurationIsVisible = 0;
			defaultConfigurationName = Release;
		};
		9C1554D728D1F528008D31C5 /* Build configuration list for PBXNativeTarget "NetflixApp_Clone" */ = {
			isa = XCConfigurationList;
			buildConfigurations = (
				9C1554D828D1F528008D31C5 /* Debug */,
				9C1554D928D1F528008D31C5 /* Release */,
			);
			defaultConfigurationIsVisible = 0;
			defaultConfigurationName = Release;
		};
/* End XCConfigurationList section */

/* Begin XCRemoteSwiftPackageReference section */
		9C1554F628D1F8CA008D31C5 /* XCRemoteSwiftPackageReference "SDWebImage" */ = {
			isa = XCRemoteSwiftPackageReference;
			repositoryURL = "https://github.com/SDWebImage/SDWebImage.git";
			requirement = {
				branch = master;
				kind = branch;
			};
		};
		9C1554FB28D1F8D9008D31C5 /* XCRemoteSwiftPackageReference "SnapKit" */ = {
			isa = XCRemoteSwiftPackageReference;
			repositoryURL = "https://github.com/SnapKit/SnapKit.git";
			requirement = {
				branch = develop;
				kind = branch;
			};
		};
/* End XCRemoteSwiftPackageReference section */

/* Begin XCSwiftPackageProductDependency section */
		9C1554F728D1F8CA008D31C5 /* SDWebImage */ = {
			isa = XCSwiftPackageProductDependency;
			package = 9C1554F628D1F8CA008D31C5 /* XCRemoteSwiftPackageReference "SDWebImage" */;
			productName = SDWebImage;
		};
		9C1554F928D1F8CA008D31C5 /* SDWebImageMapKit */ = {
			isa = XCSwiftPackageProductDependency;
			package = 9C1554F628D1F8CA008D31C5 /* XCRemoteSwiftPackageReference "SDWebImage" */;
			productName = SDWebImageMapKit;
		};
		9C1554FC28D1F8D9008D31C5 /* SnapKit */ = {
			isa = XCSwiftPackageProductDependency;
			package = 9C1554FB28D1F8D9008D31C5 /* XCRemoteSwiftPackageReference "SnapKit" */;
			productName = SnapKit;
		};
/* End XCSwiftPackageProductDependency section */
	};
	rootObject = 9C1554BB28D1F527008D31C5 /* Project object */;
}
